
Microsoft Visual Studio Solution File, Format Version 12.00
# Visual Studio Version 17
VisualStudioVersion = 17.9.34607.119
MinimumVisualStudioVersion = 10.0.40219.1
Project("{FAE04EC0-301F-11D3-BF4B-00C04F79EFBC}") = "FINAL_DB_PROJECT", "FINAL_DB_PROJECT.csproj", "{79F542BD-70FE-482F-A65E-E55354F39FB6}"
EndProject
Global
	GlobalSection(SolutionConfigurationPlatforms) = preSolution
		Debug|Any CPU = Debug|Any CPU
		Release|Any CPU = Release|Any CPU
	EndGlobalSection
	GlobalSection(ProjectConfigurationPlatforms) = postSolution
		{79F542BD-70FE-482F-A65E-E55354F39FB6}.Debug|Any CPU.ActiveCfg = Debug|Any CPU
		{79F542BD-70FE-482F-A65E-E55354F39FB6}.Debug|Any CPU.Build.0 = Debug|Any CPU
		{79F542BD-70FE-482F-A65E-E55354F39FB6}.Release|Any CPU.ActiveCfg = Release|Any CPU
		{79F542BD-70FE-482F-A65E-E55354F39FB6}.Release|Any CPU.Build.0 = Release|Any CPU
	EndGlobalSection
	GlobalSection(SolutionProperties) = preSolution
		HideSolutionNode = FALSE
	EndGlobalSection
	GlobalSection(ExtensibilityGlobals) = postSolution
		SolutionGuid = {3F9E121A-AEA3-4143-8DA8-C9DD8DC88999}
	EndGlobalSection
EndGlobal
